
Microsoft Visual Studio Solution File, Format Version 12.00
# Visual Studio Version 16
VisualStudioVersion = 16.0.30611.23
MinimumVisualStudioVersion = 10.0.40219.1
Project("{FAE04EC0-301F-11D3-BF4B-00C04F79EFBC}") = "consola 1 c sharp dot net core", "consola 1 c sharp dot net core\consola 1 c sharp dot net core.csproj", "{A193A2B3-53A9-4B28-A8D2-E85CC96D139E}"
EndProject
Global
	GlobalSection(SolutionConfigurationPlatforms) = preSolution
		Debug|Any CPU = Debug|Any CPU
		Release|Any CPU = Release|Any CPU
	EndGlobalSection
	GlobalSection(ProjectConfigurationPlatforms) = postSolution
		{A193A2B3-53A9-4B28-A8D2-E85CC96D139E}.Debug|Any CPU.ActiveCfg = Debug|Any CPU
		{A193A2B3-53A9-4B28-A8D2-E85CC96D139E}.Debug|Any CPU.Build.0 = Debug|Any CPU
		{A193A2B3-53A9-4B28-A8D2-E85CC96D139E}.Release|Any CPU.ActiveCfg = Release|Any CPU
		{A193A2B3-53A9-4B28-A8D2-E85CC96D139E}.Release|Any CPU.Build.0 = Release|Any CPU
	EndGlobalSection
	GlobalSection(SolutionProperties) = preSolution
		HideSolutionNode = FALSE
	EndGlobalSection
	GlobalSection(ExtensibilityGlobals) = postSolution
		SolutionGuid = {B77CEFDA-3983-42ED-9034-2AF3C0675CBE}
	EndGlobalSection
EndGlobal
